
Microsoft Visual Studio Solution File, Format Version 12.00
# Visual Studio Version 16
VisualStudioVersion = 16.0.31129.286
MinimumVisualStudioVersion = 10.0.40219.1
Project("{9A19103F-16F7-4668-BE54-9A1E7A4F7556}") = "CSharpReference", "CSharpReference.csproj", "{A11C6130-217F-4485-BAF2-931DB38A013B}"
EndProject
Project("{FAE04EC0-301F-11D3-BF4B-00C04F79EFBC}") = "CSharpReference.Tests", "..\CSharpReference.Tests\CSharpReference.Tests.csproj", "{FE6B543A-1017-4004-A783-FEDBA82A93AA}"
EndProject
Global
	GlobalSection(SolutionConfigurationPlatforms) = preSolution
		Debug|Any CPU = Debug|Any CPU
		Release|Any CPU = Release|Any CPU
	EndGlobalSection
	GlobalSection(ProjectConfigurationPlatforms) = postSolution
		{A11C6130-217F-4485-BAF2-931DB38A013B}.Debug|Any CPU.ActiveCfg = Debug|Any CPU
		{A11C6130-217F-4485-BAF2-931DB38A013B}.Debug|Any CPU.Build.0 = Debug|Any CPU
		{A11C6130-217F-4485-BAF2-931DB38A013B}.Release|Any CPU.ActiveCfg = Release|Any CPU
		{A11C6130-217F-4485-BAF2-931DB38A013B}.Release|Any CPU.Build.0 = Release|Any CPU
		{FE6B543A-1017-4004-A783-FEDBA82A93AA}.Debug|Any CPU.ActiveCfg = Debug|Any CPU
		{FE6B543A-1017-4004-A783-FEDBA82A93AA}.Debug|Any CPU.Build.0 = Debug|Any CPU
		{FE6B543A-1017-4004-A783-FEDBA82A93AA}.Release|Any CPU.ActiveCfg = Release|Any CPU
		{FE6B543A-1017-4004-A783-FEDBA82A93AA}.Release|Any CPU.Build.0 = Release|Any CPU
	EndGlobalSection
	GlobalSection(SolutionProperties) = preSolution
		HideSolutionNode = FALSE
	EndGlobalSection
	GlobalSection(ExtensibilityGlobals) = postSolution
		SolutionGuid = {75BB0C4A-E488-4F77-B13F-D8348AE022C0}
	EndGlobalSection
EndGlobal
